
Microsoft Visual Studio Solution File, Format Version 12.00
# Visual Studio 2012
Project("{FAE04EC0-301F-11D3-BF4B-00C04F79EFBC}") = "NewsApp.iOS", "NewsApp.iOS\NewsApp.iOS.csproj", "{828ED6E2-7985-4B7E-A8D6-4D913264FCDA}"
EndProject
Project("{FAE04EC0-301F-11D3-BF4B-00C04F79EFBC}") = "NewsApp.Core", "NewsApp.Core\NewsApp.Core.csproj", "{4408D0D9-FCF5-49C7-8211-8BE6E6DBFD3F}"
EndProject
Project("{FAE04EC0-301F-11D3-BF4B-00C04F79EFBC}") = "NewsApp.UI", "NewsApp.UI\NewsApp.UI.csproj", "{0F6F53CD-B37F-485D-B10B-78851D74A975}"
EndProject
Project("{FAE04EC0-301F-11D3-BF4B-00C04F79EFBC}") = "NewsApp.UnitTests", "NewsApp.UnitTests\NewsApp.UnitTests.csproj", "{E386CF93-10FF-42BD-B757-A7AB2AE1656C}"
EndProject
Project("{FAE04EC0-301F-11D3-BF4B-00C04F79EFBC}") = "NewsApp.Droid", "NewsApp.Droid\NewsApp.Droid.csproj", "{5D9DC2F9-6F41-46C3-8BA9-FA085EA70DA5}"
EndProject
Global
	GlobalSection(SolutionConfigurationPlatforms) = preSolution
		Debug|Any CPU = Debug|Any CPU
		Release|Any CPU = Release|Any CPU
		Debug|iPhoneSimulator = Debug|iPhoneSimulator
		Release|iPhone = Release|iPhone
		Release|iPhoneSimulator = Release|iPhoneSimulator
		Debug|iPhone = Debug|iPhone
	EndGlobalSection
	GlobalSection(ProjectConfigurationPlatforms) = postSolution
		{828ED6E2-7985-4B7E-A8D6-4D913264FCDA}.Debug|Any CPU.ActiveCfg = Debug|iPhoneSimulator
		{828ED6E2-7985-4B7E-A8D6-4D913264FCDA}.Debug|Any CPU.Build.0 = Debug|iPhoneSimulator
		{828ED6E2-7985-4B7E-A8D6-4D913264FCDA}.Release|Any CPU.ActiveCfg = Release|iPhone
		{828ED6E2-7985-4B7E-A8D6-4D913264FCDA}.Release|Any CPU.Build.0 = Release|iPhone
		{828ED6E2-7985-4B7E-A8D6-4D913264FCDA}.Debug|iPhoneSimulator.ActiveCfg = Debug|iPhoneSimulator
		{828ED6E2-7985-4B7E-A8D6-4D913264FCDA}.Debug|iPhoneSimulator.Build.0 = Debug|iPhoneSimulator
		{828ED6E2-7985-4B7E-A8D6-4D913264FCDA}.Release|iPhone.ActiveCfg = Release|iPhone
		{828ED6E2-7985-4B7E-A8D6-4D913264FCDA}.Release|iPhone.Build.0 = Release|iPhone
		{828ED6E2-7985-4B7E-A8D6-4D913264FCDA}.Release|iPhoneSimulator.ActiveCfg = Release|iPhoneSimulator
		{828ED6E2-7985-4B7E-A8D6-4D913264FCDA}.Release|iPhoneSimulator.Build.0 = Release|iPhoneSimulator
		{828ED6E2-7985-4B7E-A8D6-4D913264FCDA}.Debug|iPhone.ActiveCfg = Debug|iPhone
		{828ED6E2-7985-4B7E-A8D6-4D913264FCDA}.Debug|iPhone.Build.0 = Debug|iPhone
		{4408D0D9-FCF5-49C7-8211-8BE6E6DBFD3F}.Debug|Any CPU.ActiveCfg = Debug|Any CPU
		{4408D0D9-FCF5-49C7-8211-8BE6E6DBFD3F}.Debug|Any CPU.Build.0 = Debug|Any CPU
		{4408D0D9-FCF5-49C7-8211-8BE6E6DBFD3F}.Release|Any CPU.ActiveCfg = Release|Any CPU
		{4408D0D9-FCF5-49C7-8211-8BE6E6DBFD3F}.Release|Any CPU.Build.0 = Release|Any CPU
		{4408D0D9-FCF5-49C7-8211-8BE6E6DBFD3F}.Debug|iPhoneSimulator.ActiveCfg = Debug|Any CPU
		{4408D0D9-FCF5-49C7-8211-8BE6E6DBFD3F}.Debug|iPhoneSimulator.Build.0 = Debug|Any CPU
		{4408D0D9-FCF5-49C7-8211-8BE6E6DBFD3F}.Release|iPhone.ActiveCfg = Release|Any CPU
		{4408D0D9-FCF5-49C7-8211-8BE6E6DBFD3F}.Release|iPhone.Build.0 = Release|Any CPU
		{4408D0D9-FCF5-49C7-8211-8BE6E6DBFD3F}.Release|iPhoneSimulator.ActiveCfg = Release|Any CPU
		{4408D0D9-FCF5-49C7-8211-8BE6E6DBFD3F}.Release|iPhoneSimulator.Build.0 = Release|Any CPU
		{4408D0D9-FCF5-49C7-8211-8BE6E6DBFD3F}.Debug|iPhone.ActiveCfg = Debug|Any CPU
		{4408D0D9-FCF5-49C7-8211-8BE6E6DBFD3F}.Debug|iPhone.Build.0 = Debug|Any CPU
		{0F6F53CD-B37F-485D-B10B-78851D74A975}.Debug|Any CPU.ActiveCfg = Debug|Any CPU
		{0F6F53CD-B37F-485D-B10B-78851D74A975}.Debug|Any CPU.Build.0 = Debug|Any CPU
		{0F6F53CD-B37F-485D-B10B-78851D74A975}.Release|Any CPU.ActiveCfg = Release|Any CPU
		{0F6F53CD-B37F-485D-B10B-78851D74A975}.Release|Any CPU.Build.0 = Release|Any CPU
		{0F6F53CD-B37F-485D-B10B-78851D74A975}.Debug|iPhoneSimulator.ActiveCfg = Debug|Any CPU
		{0F6F53CD-B37F-485D-B10B-78851D74A975}.Debug|iPhoneSimulator.Build.0 = Debug|Any CPU
		{0F6F53CD-B37F-485D-B10B-78851D74A975}.Release|iPhone.ActiveCfg = Release|Any CPU
		{0F6F53CD-B37F-485D-B10B-78851D74A975}.Release|iPhone.Build.0 = Release|Any CPU
		{0F6F53CD-B37F-485D-B10B-78851D74A975}.Release|iPhoneSimulator.ActiveCfg = Release|Any CPU
		{0F6F53CD-B37F-485D-B10B-78851D74A975}.Release|iPhoneSimulator.Build.0 = Release|Any CPU
		{0F6F53CD-B37F-485D-B10B-78851D74A975}.Debug|iPhone.ActiveCfg = Debug|Any CPU
		{0F6F53CD-B37F-485D-B10B-78851D74A975}.Debug|iPhone.Build.0 = Debug|Any CPU
		{E386CF93-10FF-42BD-B757-A7AB2AE1656C}.Debug|Any CPU.ActiveCfg = Debug|Any CPU
		{E386CF93-10FF-42BD-B757-A7AB2AE1656C}.Debug|Any CPU.Build.0 = Debug|Any CPU
		{E386CF93-10FF-42BD-B757-A7AB2AE1656C}.Release|Any CPU.ActiveCfg = Release|Any CPU
		{E386CF93-10FF-42BD-B757-A7AB2AE1656C}.Release|Any CPU.Build.0 = Release|Any CPU
		{E386CF93-10FF-42BD-B757-A7AB2AE1656C}.Debug|iPhoneSimulator.ActiveCfg = Debug|Any CPU
		{E386CF93-10FF-42BD-B757-A7AB2AE1656C}.Debug|iPhoneSimulator.Build.0 = Debug|Any CPU
		{E386CF93-10FF-42BD-B757-A7AB2AE1656C}.Release|iPhone.ActiveCfg = Release|Any CPU
		{E386CF93-10FF-42BD-B757-A7AB2AE1656C}.Release|iPhone.Build.0 = Release|Any CPU
		{E386CF93-10FF-42BD-B757-A7AB2AE1656C}.Release|iPhoneSimulator.ActiveCfg = Release|Any CPU
		{E386CF93-10FF-42BD-B757-A7AB2AE1656C}.Release|iPhoneSimulator.Build.0 = Release|Any CPU
		{E386CF93-10FF-42BD-B757-A7AB2AE1656C}.Debug|iPhone.ActiveCfg = Debug|Any CPU
		{E386CF93-10FF-42BD-B757-A7AB2AE1656C}.Debug|iPhone.Build.0 = Debug|Any CPU
		{5D9DC2F9-6F41-46C3-8BA9-FA085EA70DA5}.Debug|Any CPU.ActiveCfg = Debug|Any CPU
		{5D9DC2F9-6F41-46C3-8BA9-FA085EA70DA5}.Debug|Any CPU.Build.0 = Debug|Any CPU
		{5D9DC2F9-6F41-46C3-8BA9-FA085EA70DA5}.Release|Any CPU.ActiveCfg = Release|Any CPU
		{5D9DC2F9-6F41-46C3-8BA9-FA085EA70DA5}.Release|Any CPU.Build.0 = Release|Any CPU
		{5D9DC2F9-6F41-46C3-8BA9-FA085EA70DA5}.Debug|iPhoneSimulator.ActiveCfg = Debug|Any CPU
		{5D9DC2F9-6F41-46C3-8BA9-FA085EA70DA5}.Debug|iPhoneSimulator.Build.0 = Debug|Any CPU
		{5D9DC2F9-6F41-46C3-8BA9-FA085EA70DA5}.Release|iPhone.ActiveCfg = Release|Any CPU
		{5D9DC2F9-6F41-46C3-8BA9-FA085EA70DA5}.Release|iPhone.Build.0 = Release|Any CPU
		{5D9DC2F9-6F41-46C3-8BA9-FA085EA70DA5}.Release|iPhoneSimulator.ActiveCfg = Release|Any CPU
		{5D9DC2F9-6F41-46C3-8BA9-FA085EA70DA5}.Release|iPhoneSimulator.Build.0 = Release|Any CPU
		{5D9DC2F9-6F41-46C3-8BA9-FA085EA70DA5}.Debug|iPhone.ActiveCfg = Debug|Any CPU
		{5D9DC2F9-6F41-46C3-8BA9-FA085EA70DA5}.Debug|iPhone.Build.0 = Debug|Any CPU
	EndGlobalSection
EndGlobal
